
Microsoft Visual Studio Solution File, Format Version 12.00
# Visual Studio Version 16
VisualStudioVersion = 16.0.30907.101
MinimumVisualStudioVersion = 10.0.40219.1
Project("{F184B08F-C81C-45F6-A57F-5ABD9991F28F}") = "Inicio", "Inicio\Inicio.vbproj", "{32AFCDE9-B7A5-4DBD-B402-24597C3FE7BD}"
EndProject
Project("{F184B08F-C81C-45F6-A57F-5ABD9991F28F}") = "CambiarPassword", "CambiarPassword\CambiarPassword.vbproj", "{0FB20A29-620F-426D-BAF0-34254CC8F729}"
EndProject
Global
	GlobalSection(SolutionConfigurationPlatforms) = preSolution
		Debug|Any CPU = Debug|Any CPU
		Release|Any CPU = Release|Any CPU
	EndGlobalSection
	GlobalSection(ProjectConfigurationPlatforms) = postSolution
		{32AFCDE9-B7A5-4DBD-B402-24597C3FE7BD}.Debug|Any CPU.ActiveCfg = Debug|Any CPU
		{32AFCDE9-B7A5-4DBD-B402-24597C3FE7BD}.Debug|Any CPU.Build.0 = Debug|Any CPU
		{32AFCDE9-B7A5-4DBD-B402-24597C3FE7BD}.Release|Any CPU.ActiveCfg = Release|Any CPU
		{32AFCDE9-B7A5-4DBD-B402-24597C3FE7BD}.Release|Any CPU.Build.0 = Release|Any CPU
		{0FB20A29-620F-426D-BAF0-34254CC8F729}.Debug|Any CPU.ActiveCfg = Debug|Any CPU
		{0FB20A29-620F-426D-BAF0-34254CC8F729}.Debug|Any CPU.Build.0 = Debug|Any CPU
		{0FB20A29-620F-426D-BAF0-34254CC8F729}.Release|Any CPU.ActiveCfg = Release|Any CPU
		{0FB20A29-620F-426D-BAF0-34254CC8F729}.Release|Any CPU.Build.0 = Release|Any CPU
	EndGlobalSection
	GlobalSection(SolutionProperties) = preSolution
		HideSolutionNode = FALSE
	EndGlobalSection
	GlobalSection(ExtensibilityGlobals) = postSolution
		SolutionGuid = {FDACE3B0-3A41-4BE5-AEAB-690675462CA5}
	EndGlobalSection
EndGlobal
